// !$*UTF8*$!
{
	archiveVersion = 1;
	classes = {
	};
	objectVersion = 56;
	objects = {

/* Begin PBXBuildFile section */
		579570DD2982258C00B78D7C /* AppDelegate.swift in Sources */ = {isa = PBXBuildFile; fileRef = 579570DC2982258C00B78D7C /* AppDelegate.swift */; };
		579570DF2982258C00B78D7C /* SceneDelegate.swift in Sources */ = {isa = PBXBuildFile; fileRef = 579570DE2982258C00B78D7C /* SceneDelegate.swift */; };
		579570E12982258C00B78D7C /* ViewController.swift in Sources */ = {isa = PBXBuildFile; fileRef = 579570E02982258C00B78D7C /* ViewController.swift */; };
		579570E42982258C00B78D7C /* Main.storyboard in Resources */ = {isa = PBXBuildFile; fileRef = 579570E22982258C00B78D7C /* Main.storyboard */; };
		579570E62982258E00B78D7C /* Assets.xcassets in Resources */ = {isa = PBXBuildFile; fileRef = 579570E52982258E00B78D7C /* Assets.xcassets */; };
		579570E92982258E00B78D7C /* LaunchScreen.storyboard in Resources */ = {isa = PBXBuildFile; fileRef = 579570E72982258E00B78D7C /* LaunchScreen.storyboard */; };
		579570F42982258E00B78D7C /* InformationTransferAndLifecycleTests.swift in Sources */ = {isa = PBXBuildFile; fileRef = 579570F32982258E00B78D7C /* InformationTransferAndLifecycleTests.swift */; };
		579570FE2982258E00B78D7C /* InformationTransferAndLifecycleUITests.swift in Sources */ = {isa = PBXBuildFile; fileRef = 579570FD2982258E00B78D7C /* InformationTransferAndLifecycleUITests.swift */; };
		579571002982258E00B78D7C /* InformationTransferAndLifecycleUITestsLaunchTests.swift in Sources */ = {isa = PBXBuildFile; fileRef = 579570FF2982258E00B78D7C /* InformationTransferAndLifecycleUITestsLaunchTests.swift */; };
/* End PBXBuildFile section */

/* Begin PBXContainerItemProxy section */
		579570F02982258E00B78D7C /* PBXContainerItemProxy */ = {
			isa = PBXContainerItemProxy;
			containerPortal = 579570D12982258C00B78D7C /* Project object */;
			proxyType = 1;
			remoteGlobalIDString = 579570D82982258C00B78D7C;
			remoteInfo = InformationTransferAndLifecycle;
		};
		579570FA2982258E00B78D7C /* PBXContainerItemProxy */ = {
			isa = PBXContainerItemProxy;
			containerPortal = 579570D12982258C00B78D7C /* Project object */;
			proxyType = 1;
			remoteGlobalIDString = 579570D82982258C00B78D7C;
			remoteInfo = InformationTransferAndLifecycle;
		};
/* End PBXContainerItemProxy section */

/* Begin PBXFileReference section */
		579570D92982258C00B78D7C /* InformationTransferAndLifecycle.app */ = {isa = PBXFileReference; explicitFileType = wrapper.application; includeInIndex = 0; path = InformationTransferAndLifecycle.app; sourceTree = BUILT_PRODUCTS_DIR; };
		579570DC2982258C00B78D7C /* AppDelegate.swift */ = {isa = PBXFileReference; lastKnownFileType = sourcecode.swift; path = AppDelegate.swift; sourceTree = "<group>"; };
		579570DE2982258C00B78D7C /* SceneDelegate.swift */ = {isa = PBXFileReference; lastKnownFileType = sourcecode.swift; path = SceneDelegate.swift; sourceTree = "<group>"; };
		579570E02982258C00B78D7C /* ViewController.swift */ = {isa = PBXFileReference; lastKnownFileType = sourcecode.swift; path = ViewController.swift; sourceTree = "<group>"; };
		579570E32982258C00B78D7C /* Base */ = {isa = PBXFileReference; lastKnownFileType = file.storyboard; name = Base; path = Base.lproj/Main.storyboard; sourceTree = "<group>"; };
		579570E52982258E00B78D7C /* Assets.xcassets */ = {isa = PBXFileReference; lastKnownFileType = folder.assetcatalog; path = Assets.xcassets; sourceTree = "<group>"; };
		579570E82982258E00B78D7C /* Base */ = {isa = PBXFileReference; lastKnownFileType = file.storyboard; name = Base; path = Base.lproj/LaunchScreen.storyboard; sourceTree = "<group>"; };
		579570EA2982258E00B78D7C /* Info.plist */ = {isa = PBXFileReference; lastKnownFileType = text.plist.xml; path = Info.plist; sourceTree = "<group>"; };
		579570EF2982258E00B78D7C /* InformationTransferAndLifecycleTests.xctest */ = {isa = PBXFileReference; explicitFileType = wrapper.cfbundle; includeInIndex = 0; path = InformationTransferAndLifecycleTests.xctest; sourceTree = BUILT_PRODUCTS_DIR; };
		579570F32982258E00B78D7C /* InformationTransferAndLifecycleTests.swift */ = {isa = PBXFileReference; lastKnownFileType = sourcecode.swift; path = InformationTransferAndLifecycleTests.swift; sourceTree = "<group>"; };
		579570F92982258E00B78D7C /* InformationTransferAndLifecycleUITests.xctest */ = {isa = PBXFileReference; explicitFileType = wrapper.cfbundle; includeInIndex = 0; path = InformationTransferAndLifecycleUITests.xctest; sourceTree = BUILT_PRODUCTS_DIR; };
		579570FD2982258E00B78D7C /* InformationTransferAndLifecycleUITests.swift */ = {isa = PBXFileReference; lastKnownFileType = sourcecode.swift; path = InformationTransferAndLifecycleUITests.swift; sourceTree = "<group>"; };
		579570FF2982258E00B78D7C /* InformationTransferAndLifecycleUITestsLaunchTests.swift */ = {isa = PBXFileReference; lastKnownFileType = sourcecode.swift; path = InformationTransferAndLifecycleUITestsLaunchTests.swift; sourceTree = "<group>"; };
/* End PBXFileReference section */

/* Begin PBXFrameworksBuildPhase section */
		579570D62982258C00B78D7C /* Frameworks */ = {
			isa = PBXFrameworksBuildPhase;
			buildActionMask = 2147483647;
			files = (
			);
			runOnlyForDeploymentPostprocessing = 0;
		};
		579570EC2982258E00B78D7C /* Frameworks */ = {
			isa = PBXFrameworksBuildPhase;
			buildActionMask = 2147483647;
			files = (
			);
			runOnlyForDeploymentPostprocessing = 0;
		};
		579570F62982258E00B78D7C /* Frameworks */ = {
			isa = PBXFrameworksBuildPhase;
			buildActionMask = 2147483647;
			files = (
			);
			runOnlyForDeploymentPostprocessing = 0;
		};
/* End PBXFrameworksBuildPhase section */

/* Begin PBXGroup section */
		579570D02982258C00B78D7C = {
			isa = PBXGroup;
			children = (
				579570DB2982258C00B78D7C /* InformationTransferAndLifecycle */,
				579570F22982258E00B78D7C /* InformationTransferAndLifecycleTests */,
				579570FC2982258E00B78D7C /* InformationTransferAndLifecycleUITests */,
				579570DA2982258C00B78D7C /* Products */,
			);
			sourceTree = "<group>";
		};
		579570DA2982258C00B78D7C /* Products */ = {
			isa = PBXGroup;
			children = (
				579570D92982258C00B78D7C /* InformationTransferAndLifecycle.app */,
				579570EF2982258E00B78D7C /* InformationTransferAndLifecycleTests.xctest */,
				579570F92982258E00B78D7C /* InformationTransferAndLifecycleUITests.xctest */,
			);
			name = Products;
			sourceTree = "<group>";
		};
		579570DB2982258C00B78D7C /* InformationTransferAndLifecycle */ = {
			isa = PBXGroup;
			children = (
				579570DC2982258C00B78D7C /* AppDelegate.swift */,
				579570DE2982258C00B78D7C /* SceneDelegate.swift */,
				579570E02982258C00B78D7C /* ViewController.swift */,
				579570E22982258C00B78D7C /* Main.storyboard */,
				579570E52982258E00B78D7C /* Assets.xcassets */,
				579570E72982258E00B78D7C /* LaunchScreen.storyboard */,
				579570EA2982258E00B78D7C /* Info.plist */,
			);
			path = InformationTransferAndLifecycle;
			sourceTree = "<group>";
		};
		579570F22982258E00B78D7C /* InformationTransferAndLifecycleTests */ = {
			isa = PBXGroup;
			children = (
				579570F32982258E00B78D7C /* InformationTransferAndLifecycleTests.swift */,
			);
			path = InformationTransferAndLifecycleTests;
			sourceTree = "<group>";
		};
		579570FC2982258E00B78D7C /* InformationTransferAndLifecycleUITests */ = {
			isa = PBXGroup;
			children = (
				579570FD2982258E00B78D7C /* InformationTransferAndLifecycleUITests.swift */,
				579570FF2982258E00B78D7C /* InformationTransferAndLifecycleUITestsLaunchTests.swift */,
			);
			path = InformationTransferAndLifecycleUITests;
			sourceTree = "<group>";
		};
/* End PBXGroup section */

/* Begin PBXNativeTarget section */
		579570D82982258C00B78D7C /* InformationTransferAndLifecycle */ = {
			isa = PBXNativeTarget;
			buildConfigurationList = 579571032982258E00B78D7C /* Build configuration list for PBXNativeTarget "InformationTransferAndLifecycle" */;
			buildPhases = (
				579570D52982258C00B78D7C /* Sources */,
				579570D62982258C00B78D7C /* Frameworks */,
				579570D72982258C00B78D7C /* Resources */,
			);
			buildRules = (
			);
			dependencies = (
			);
			name = InformationTransferAndLifecycle;
			productName = InformationTransferAndLifecycle;
			productReference = 579570D92982258C00B78D7C /* InformationTransferAndLifecycle.app */;
			productType = "com.apple.product-type.application";
		};
		579570EE2982258E00B78D7C /* InformationTransferAndLifecycleTests */ = {
			isa = PBXNativeTarget;
			buildConfigurationList = 579571062982258E00B78D7C /* Build configuration list for PBXNativeTarget "InformationTransferAndLifecycleTests" */;
			buildPhases = (
				579570EB2982258E00B78D7C /* Sources */,
				579570EC2982258E00B78D7C /* Frameworks */,
				579570ED2982258E00B78D7C /* Resources */,
			);
			buildRules = (
			);
			dependencies = (
				579570F12982258E00B78D7C /* PBXTargetDependency */,
			);
			name = InformationTransferAndLifecycleTests;
			productName = InformationTransferAndLifecycleTests;
			productReference = 579570EF2982258E00B78D7C /* InformationTransferAndLifecycleTests.xctest */;
			productType = "com.apple.product-type.bundle.unit-test";
		};
		579570F82982258E00B78D7C /* InformationTransferAndLifecycleUITests */ = {
			isa = PBXNativeTarget;
			buildConfigurationList = 579571092982258E00B78D7C /* Build configuration list for PBXNativeTarget "InformationTransferAndLifecycleUITests" */;
			buildPhases = (
				579570F52982258E00B78D7C /* Sources */,
				579570F62982258E00B78D7C /* Frameworks */,
				579570F72982258E00B78D7C /* Resources */,
			);
			buildRules = (
			);
			dependencies = (
				579570FB2982258E00B78D7C /* PBXTargetDependency */,
			);
			name = InformationTransferAndLifecycleUITests;
			productName = InformationTransferAndLifecycleUITests;
			productReference = 579570F92982258E00B78D7C /* InformationTransferAndLifecycleUITests.xctest */;
			productType = "com.apple.product-type.bundle.ui-testing";
		};
/* End PBXNativeTarget section */

/* Begin PBXProject section */
		579570D12982258C00B78D7C /* Project object */ = {
			isa = PBXProject;
			attributes = {
				BuildIndependentTargetsInParallel = 1;
				LastSwiftUpdateCheck = 1410;
				LastUpgradeCheck = 1410;
				TargetAttributes = {
					579570D82982258C00B78D7C = {
						CreatedOnToolsVersion = 14.1;
					};
					579570EE2982258E00B78D7C = {
						CreatedOnToolsVersion = 14.1;
						TestTargetID = 579570D82982258C00B78D7C;
					};
					579570F82982258E00B78D7C = {
						CreatedOnToolsVersion = 14.1;
						TestTargetID = 579570D82982258C00B78D7C;
					};
				};
			};
			buildConfigurationList = 579570D42982258C00B78D7C /* Build configuration list for PBXProject "InformationTransferAndLifecycle" */;
			compatibilityVersion = "Xcode 14.0";
			developmentRegion = en;
			hasScannedForEncodings = 0;
			knownRegions = (
				en,
				Base,
			);
			mainGroup = 579570D02982258C00B78D7C;
			productRefGroup = 579570DA2982258C00B78D7C /* Products */;
			projectDirPath = "";
			projectRoot = "";
			targets = (
				579570D82982258C00B78D7C /* InformationTransferAndLifecycle */,
				579570EE2982258E00B78D7C /* InformationTransferAndLifecycleTests */,
				579570F82982258E00B78D7C /* InformationTransferAndLifecycleUITests */,
			);
		};
/* End PBXProject section */

/* Begin PBXResourcesBuildPhase section */
		579570D72982258C00B78D7C /* Resources */ = {
			isa = PBXResourcesBuildPhase;
			buildActionMask = 2147483647;
			files = (
				579570E92982258E00B78D7C /* LaunchScreen.storyboard in Resources */,
				579570E62982258E00B78D7C /* Assets.xcassets in Resources */,
				579570E42982258C00B78D7C /* Main.storyboard in Resources */,
			);
			runOnlyForDeploymentPostprocessing = 0;
		};
		579570ED2982258E00B78D7C /* Resources */ = {
			isa = PBXResourcesBuildPhase;
			buildActionMask = 2147483647;
			files = (
			);
			runOnlyForDeploymentPostprocessing = 0;
		};
		579570F72982258E00B78D7C /* Resources */ = {
			isa = PBXResourcesBuildPhase;
			buildActionMask = 2147483647;
			files = (
			);
			runOnlyForDeploymentPostprocessing = 0;
		};
/* End PBXResourcesBuildPhase section */

/* Begin PBXSourcesBuildPhase section */
		579570D52982258C00B78D7C /* Sources */ = {
			isa = PBXSourcesBuildPhase;
			buildActionMask = 2147483647;
			files = (
				579570E12982258C00B78D7C /* ViewController.swift in Sources */,
				579570DD2982258C00B78D7C /* AppDelegate.swift in Sources */,
				579570DF2982258C00B78D7C /* SceneDelegate.swift in Sources */,
			);
			runOnlyForDeploymentPostprocessing = 0;
		};
		579570EB2982258E00B78D7C /* Sources */ = {
			isa = PBXSourcesBuildPhase;
			buildActionMask = 2147483647;
			files = (
				579570F42982258E00B78D7C /* InformationTransferAndLifecycleTests.swift in Sources */,
			);
			runOnlyForDeploymentPostprocessing = 0;
		};
		579570F52982258E00B78D7C /* Sources */ = {
			isa = PBXSourcesBuildPhase;
			buildActionMask = 2147483647;
			files = (
				579570FE2982258E00B78D7C /* InformationTransferAndLifecycleUITests.swift in Sources */,
				579571002982258E00B78D7C /* InformationTransferAndLifecycleUITestsLaunchTests.swift in Sources */,
			);
			runOnlyForDeploymentPostprocessing = 0;
		};
/* End PBXSourcesBuildPhase section */

/* Begin PBXTargetDependency section */
		579570F12982258E00B78D7C /* PBXTargetDependency */ = {
			isa = PBXTargetDependency;
			target = 579570D82982258C00B78D7C /* InformationTransferAndLifecycle */;
			targetProxy = 579570F02982258E00B78D7C /* PBXContainerItemProxy */;
		};
		579570FB2982258E00B78D7C /* PBXTargetDependency */ = {
			isa = PBXTargetDependency;
			target = 579570D82982258C00B78D7C /* InformationTransferAndLifecycle */;
			targetProxy = 579570FA2982258E00B78D7C /* PBXContainerItemProxy */;
		};
/* End PBXTargetDependency section */

/* Begin PBXVariantGroup section */
		579570E22982258C00B78D7C /* Main.storyboard */ = {
			isa = PBXVariantGroup;
			children = (
				579570E32982258C00B78D7C /* Base */,
			);
			name = Main.storyboard;
			sourceTree = "<group>";
		};
		579570E72982258E00B78D7C /* LaunchScreen.storyboard */ = {
			isa = PBXVariantGroup;
			children = (
				579570E82982258E00B78D7C /* Base */,
			);
			name = LaunchScreen.storyboard;
			sourceTree = "<group>";
		};
/* End PBXVariantGroup section */

/* Begin XCBuildConfiguration section */
		579571012982258E00B78D7C /* Debug */ = {
			isa = XCBuildConfiguration;
			buildSettings = {
				ALWAYS_SEARCH_USER_PATHS = NO;
				CLANG_ANALYZER_NONNULL = YES;
				CLANG_ANALYZER_NUMBER_OBJECT_CONVERSION = YES_AGGRESSIVE;
				CLANG_CXX_LANGUAGE_STANDARD = "gnu++20";
				CLANG_ENABLE_MODULES = YES;
				CLANG_ENABLE_OBJC_ARC = YES;
				CLANG_ENABLE_OBJC_WEAK = YES;
				CLANG_WARN_BLOCK_CAPTURE_AUTORELEASING = YES;
				CLANG_WARN_BOOL_CONVERSION = YES;
				CLANG_WARN_COMMA = YES;
				CLANG_WARN_CONSTANT_CONVERSION = YES;
				CLANG_WARN_DEPRECATED_OBJC_IMPLEMENTATIONS = YES;
				CLANG_WARN_DIRECT_OBJC_ISA_USAGE = YES_ERROR;
				CLANG_WARN_DOCUMENTATION_COMMENTS = YES;
				CLANG_WARN_EMPTY_BODY = YES;
				CLANG_WARN_ENUM_CONVERSION = YES;
				CLANG_WARN_INFINITE_RECURSION = YES;
				CLANG_WARN_INT_CONVERSION = YES;
				CLANG_WARN_NON_LITERAL_NULL_CONVERSION = YES;
				CLANG_WARN_OBJC_IMPLICIT_RETAIN_SELF = YES;
				CLANG_WARN_OBJC_LITERAL_CONVERSION = YES;
				CLANG_WARN_OBJC_ROOT_CLASS = YES_ERROR;
				CLANG_WARN_QUOTED_INCLUDE_IN_FRAMEWORK_HEADER = YES;
				CLANG_WARN_RANGE_LOOP_ANALYSIS = YES;
				CLANG_WARN_STRICT_PROTOTYPES = YES;
				CLANG_WARN_SUSPICIOUS_MOVE = YES;
				CLANG_WARN_UNGUARDED_AVAILABILITY = YES_AGGRESSIVE;
				CLANG_WARN_UNREACHABLE_CODE = YES;
				CLANG_WARN__DUPLICATE_METHOD_MATCH = YES;
				COPY_PHASE_STRIP = NO;
				DEBUG_INFORMATION_FORMAT = dwarf;
				ENABLE_STRICT_OBJC_MSGSEND = YES;
				ENABLE_TESTABILITY = YES;
				GCC_C_LANGUAGE_STANDARD = gnu11;
				GCC_DYNAMIC_NO_PIC = NO;
				GCC_NO_COMMON_BLOCKS = YES;
				GCC_OPTIMIZATION_LEVEL = 0;
				GCC_PREPROCESSOR_DEFINITIONS = (
					"DEBUG=1",
					"$(inherited)",
				);
				GCC_WARN_64_TO_32_BIT_CONVERSION = YES;
				GCC_WARN_ABOUT_RETURN_TYPE = YES_ERROR;
				GCC_WARN_UNDECLARED_SELECTOR = YES;
				GCC_WARN_UNINITIALIZED_AUTOS = YES_AGGRESSIVE;
				GCC_WARN_UNUSED_FUNCTION = YES;
				GCC_WARN_UNUSED_VARIABLE = YES;
				IPHONEOS_DEPLOYMENT_TARGET = 16.1;
				MTL_ENABLE_DEBUG_INFO = INCLUDE_SOURCE;
				MTL_FAST_MATH = YES;
				ONLY_ACTIVE_ARCH = YES;
				SDKROOT = iphoneos;
				SWIFT_ACTIVE_COMPILATION_CONDITIONS = DEBUG;
				SWIFT_OPTIMIZATION_LEVEL = "-Onone";
			};
			name = Debug;
		};
		579571022982258E00B78D7C /* Release */ = {
			isa = XCBuildConfiguration;
			buildSettings = {
				ALWAYS_SEARCH_USER_PATHS = NO;
				CLANG_ANALYZER_NONNULL = YES;
				CLANG_ANALYZER_NUMBER_OBJECT_CONVERSION = YES_AGGRESSIVE;
				CLANG_CXX_LANGUAGE_STANDARD = "gnu++20";
				CLANG_ENABLE_MODULES = YES;
				CLANG_ENABLE_OBJC_ARC = YES;
				CLANG_ENABLE_OBJC_WEAK = YES;
				CLANG_WARN_BLOCK_CAPTURE_AUTORELEASING = YES;
				CLANG_WARN_BOOL_CONVERSION = YES;
				CLANG_WARN_COMMA = YES;
				CLANG_WARN_CONSTANT_CONVERSION = YES;
				CLANG_WARN_DEPRECATED_OBJC_IMPLEMENTATIONS = YES;
				CLANG_WARN_DIRECT_OBJC_ISA_USAGE = YES_ERROR;
				CLANG_WARN_DOCUMENTATION_COMMENTS = YES;
				CLANG_WARN_EMPTY_BODY = YES;
				CLANG_WARN_ENUM_CONVERSION = YES;
				CLANG_WARN_INFINITE_RECURSION = YES;
				CLANG_WARN_INT_CONVERSION = YES;
				CLANG_WARN_NON_LITERAL_NULL_CONVERSION = YES;
				CLANG_WARN_OBJC_IMPLICIT_RETAIN_SELF = YES;
				CLANG_WARN_OBJC_LITERAL_CONVERSION = YES;
				CLANG_WARN_OBJC_ROOT_CLASS = YES_ERROR;
				CLANG_WARN_QUOTED_INCLUDE_IN_FRAMEWORK_HEADER = YES;
				CLANG_WARN_RANGE_LOOP_ANALYSIS = YES;
				CLANG_WARN_STRICT_PROTOTYPES = YES;
				CLANG_WARN_SUSPICIOUS_MOVE = YES;
				CLANG_WARN_UNGUARDED_AVAILABILITY = YES_AGGRESSIVE;
				CLANG_WARN_UNREACHABLE_CODE = YES;
				CLANG_WARN__DUPLICATE_METHOD_MATCH = YES;
				COPY_PHASE_STRIP = NO;
				DEBUG_INFORMATION_FORMAT = "dwarf-with-dsym";
				ENABLE_NS_ASSERTIONS = NO;
				ENABLE_STRICT_OBJC_MSGSEND = YES;
				GCC_C_LANGUAGE_STANDARD = gnu11;
				GCC_NO_COMMON_BLOCKS = YES;
				GCC_WARN_64_TO_32_BIT_CONVERSION = YES;
				GCC_WARN_ABOUT_RETURN_TYPE = YES_ERROR;
				GCC_WARN_UNDECLARED_SELECTOR = YES;
				GCC_WARN_UNINITIALIZED_AUTOS = YES_AGGRESSIVE;
				GCC_WARN_UNUSED_FUNCTION = YES;
				GCC_WARN_UNUSED_VARIABLE = YES;
				IPHONEOS_DEPLOYMENT_TARGET = 16.1;
				MTL_ENABLE_DEBUG_INFO = NO;
				MTL_FAST_MATH = YES;
				SDKROOT = iphoneos;
				SWIFT_COMPILATION_MODE = wholemodule;
				SWIFT_OPTIMIZATION_LEVEL = "-O";
				VALIDATE_PRODUCT = YES;
			};
			name = Release;
		};
		579571042982258E00B78D7C /* Debug */ = {
			isa = XCBuildConfiguration;
			buildSettings = {
				ASSETCATALOG_COMPILER_APPICON_NAME = AppIcon;
				ASSETCATALOG_COMPILER_GLOBAL_ACCENT_COLOR_NAME = AccentColor;
				CODE_SIGN_STYLE = Automatic;
				CURRENT_PROJECT_VERSION = 1;
				DEVELOPMENT_TEAM = 8MYP67433J;
				GENERATE_INFOPLIST_FILE = YES;
				INFOPLIST_FILE = InformationTransferAndLifecycle/Info.plist;
				INFOPLIST_KEY_UIApplicationSupportsIndirectInputEvents = YES;
				INFOPLIST_KEY_UILaunchStoryboardName = LaunchScreen;
				INFOPLIST_KEY_UIMainStoryboardFile = Main;
				INFOPLIST_KEY_UISupportedInterfaceOrientations_iPad = "UIInterfaceOrientationPortrait UIInterfaceOrientationPortraitUpsideDown UIInterfaceOrientationLandscapeLeft UIInterfaceOrientationLandscapeRight";
				INFOPLIST_KEY_UISupportedInterfaceOrientations_iPhone = "UIInterfaceOrientationPortrait UIInterfaceOrientationLandscapeLeft UIInterfaceOrientationLandscapeRight";
				LD_RUNPATH_SEARCH_PATHS = (
					"$(inherited)",
					"@executable_path/Frameworks",
				);
				MARKETING_VERSION = 1.0;
				PRODUCT_BUNDLE_IDENTIFIER = maulanaahmadjobs.com.InformationTransferAndLifecycle;
				PRODUCT_NAME = "$(TARGET_NAME)";
				SWIFT_EMIT_LOC_STRINGS = YES;
				SWIFT_VERSION = 5.0;
				TARGETED_DEVICE_FAMILY = "1,2";
			};
			name = Debug;
		};
		579571052982258E00B78D7C /* Release */ = {
			isa = XCBuildConfiguration;
			buildSettings = {
				ASSETCATALOG_COMPILER_APPICON_NAME = AppIcon;
				ASSETCATALOG_COMPILER_GLOBAL_ACCENT_COLOR_NAME = AccentColor;
				CODE_SIGN_STYLE = Automatic;
				CURRENT_PROJECT_VERSION = 1;
				DEVELOPMENT_TEAM = 8MYP67433J;
				GENERATE_INFOPLIST_FILE = YES;
				INFOPLIST_FILE = InformationTransferAndLifecycle/Info.plist;
				INFOPLIST_KEY_UIApplicationSupportsIndirectInputEvents = YES;
				INFOPLIST_KEY_UILaunchStoryboardName = LaunchScreen;
				INFOPLIST_KEY_UIMainStoryboardFile = Main;
				INFOPLIST_KEY_UISupportedInterfaceOrientations_iPad = "UIInterfaceOrientationPortrait UIInterfaceOrientationPortraitUpsideDown UIInterfaceOrientationLandscapeLeft UIInterfaceOrientationLandscapeRight";
				INFOPLIST_KEY_UISupportedInterfaceOrientations_iPhone = "UIInterfaceOrientationPortrait UIInterfaceOrientationLandscapeLeft UIInterfaceOrientationLandscapeRight";
				LD_RUNPATH_SEARCH_PATHS = (
					"$(inherited)",
					"@executable_path/Frameworks",
				);
				MARKETING_VERSION = 1.0;
				PRODUCT_BUNDLE_IDENTIFIER = maulanaahmadjobs.com.InformationTransferAndLifecycle;
				PRODUCT_NAME = "$(TARGET_NAME)";
				SWIFT_EMIT_LOC_STRINGS = YES;
				SWIFT_VERSION = 5.0;
				TARGETED_DEVICE_FAMILY = "1,2";
			};
			name = Release;
		};
		579571072982258E00B78D7C /* Debug */ = {
			isa = XCBuildConfiguration;
			buildSettings = {
				ALWAYS_EMBED_SWIFT_STANDARD_LIBRARIES = YES;
				BUNDLE_LOADER = "$(TEST_HOST)";
				CODE_SIGN_STYLE = Automatic;
				CURRENT_PROJECT_VERSION = 1;
				DEVELOPMENT_TEAM = 8MYP67433J;
				GENERATE_INFOPLIST_FILE = YES;
				IPHONEOS_DEPLOYMENT_TARGET = 16.1;
				MARKETING_VERSION = 1.0;
				PRODUCT_BUNDLE_IDENTIFIER = maulanaahmadjobs.com.InformationTransferAndLifecycleTests;
				PRODUCT_NAME = "$(TARGET_NAME)";
				SWIFT_EMIT_LOC_STRINGS = NO;
				SWIFT_VERSION = 5.0;
				TARGETED_DEVICE_FAMILY = "1,2";
				TEST_HOST = "$(BUILT_PRODUCTS_DIR)/InformationTransferAndLifecycle.app/$(BUNDLE_EXECUTABLE_FOLDER_PATH)/InformationTransferAndLifecycle";
			};
			name = Debug;
		};
		579571082982258E00B78D7C /* Release */ = {
			isa = XCBuildConfiguration;
			buildSettings = {
				ALWAYS_EMBED_SWIFT_STANDARD_LIBRARIES = YES;
				BUNDLE_LOADER = "$(TEST_HOST)";
				CODE_SIGN_STYLE = Automatic;
				CURRENT_PROJECT_VERSION = 1;
				DEVELOPMENT_TEAM = 8MYP67433J;
				GENERATE_INFOPLIST_FILE = YES;
				IPHONEOS_DEPLOYMENT_TARGET = 16.1;
				MARKETING_VERSION = 1.0;
				PRODUCT_BUNDLE_IDENTIFIER = maulanaahmadjobs.com.InformationTransferAndLifecycleTests;
				PRODUCT_NAME = "$(TARGET_NAME)";
				SWIFT_EMIT_LOC_STRINGS = NO;
				SWIFT_VERSION = 5.0;
				TARGETED_DEVICE_FAMILY = "1,2";
				TEST_HOST = "$(BUILT_PRODUCTS_DIR)/InformationTransferAndLifecycle.app/$(BUNDLE_EXECUTABLE_FOLDER_PATH)/InformationTransferAndLifecycle";
			};
			name = Release;
		};
		5795710A2982258E00B78D7C /* Debug */ = {
			isa = XCBuildConfiguration;
			buildSettings = {
				ALWAYS_EMBED_SWIFT_STANDARD_LIBRARIES = YES;
				CODE_SIGN_STYLE = Automatic;
				CURRENT_PROJECT_VERSION = 1;
				DEVELOPMENT_TEAM = 8MYP67433J;
				GENERATE_INFOPLIST_FILE = YES;
				MARKETING_VERSION = 1.0;
				PRODUCT_BUNDLE_IDENTIFIER = maulanaahmadjobs.com.InformationTransferAndLifecycleUITests;
				PRODUCT_NAME = "$(TARGET_NAME)";
				SWIFT_EMIT_LOC_STRINGS = NO;
				SWIFT_VERSION = 5.0;
				TARGETED_DEVICE_FAMILY = "1,2";
				TEST_TARGET_NAME = InformationTransferAndLifecycle;
			};
			name = Debug;
		};
		5795710B2982258E00B78D7C /* Release */ = {
			isa = XCBuildConfiguration;
			buildSettings = {
				ALWAYS_EMBED_SWIFT_STANDARD_LIBRARIES = YES;
				CODE_SIGN_STYLE = Automatic;
				CURRENT_PROJECT_VERSION = 1;
				DEVELOPMENT_TEAM = 8MYP67433J;
				GENERATE_INFOPLIST_FILE = YES;
				MARKETING_VERSION = 1.0;
				PRODUCT_BUNDLE_IDENTIFIER = maulanaahmadjobs.com.InformationTransferAndLifecycleUITests;
				PRODUCT_NAME = "$(TARGET_NAME)";
				SWIFT_EMIT_LOC_STRINGS = NO;
				SWIFT_VERSION = 5.0;
				TARGETED_DEVICE_FAMILY = "1,2";
				TEST_TARGET_NAME = InformationTransferAndLifecycle;
			};
			name = Release;
		};
/* End XCBuildConfiguration section */

/* Begin XCConfigurationList section */
		579570D42982258C00B78D7C /* Build configuration list for PBXProject "InformationTransferAndLifecycle" */ = {
			isa = XCConfigurationList;
			buildConfigurations = (
				579571012982258E00B78D7C /* Debug */,
				579571022982258E00B78D7C /* Release */,
			);
			defaultConfigurationIsVisible = 0;
			defaultConfigurationName = Release;
		};
		579571032982258E00B78D7C /* Build configuration list for PBXNativeTarget "InformationTransferAndLifecycle" */ = {
			isa = XCConfigurationList;
			buildConfigurations = (
				579571042982258E00B78D7C /* Debug */,
				579571052982258E00B78D7C /* Release */,
			);
			defaultConfigurationIsVisible = 0;
			defaultConfigurationName = Release;
		};
		579571062982258E00B78D7C /* Build configuration list for PBXNativeTarget "InformationTransferAndLifecycleTests" */ = {
			isa = XCConfigurationList;
			buildConfigurations = (
				579571072982258E00B78D7C /* Debug */,
				579571082982258E00B78D7C /* Release */,
			);
			defaultConfigurationIsVisible = 0;
			defaultConfigurationName = Release;
		};
		579571092982258E00B78D7C /* Build configuration list for PBXNativeTarget "InformationTransferAndLifecycleUITests" */ = {
			isa = XCConfigurationList;
			buildConfigurations = (
				5795710A2982258E00B78D7C /* Debug */,
				5795710B2982258E00B78D7C /* Release */,
			);
			defaultConfigurationIsVisible = 0;
			defaultConfigurationName = Release;
		};
/* End XCConfigurationList section */
	};
	rootObject = 579570D12982258C00B78D7C /* Project object */;
}
